
Microsoft Visual Studio Solution File, Format Version 12.00
# Visual Studio Version 17
VisualStudioVersion = 17.0.31903.59
MinimumVisualStudioVersion = 10.0.40219.1
Project("{FAE04EC0-301F-11D3-BF4B-00C04F79EFBC}") = "AnunumEmployees.Test", "AnunumEmployees.Test\AnunumEmployees.Test.csproj", "{CFB29665-3A47-490B-976F-89937BA95301}"
EndProject
Project("{FAE04EC0-301F-11D3-BF4B-00C04F79EFBC}") = "AnunumEmployees", "AnunumEmployees\AnunumEmployees.csproj", "{8BAB6B9B-DE3B-4209-A774-D99F04BC68E5}"
EndProject
Project("{FAE04EC0-301F-11D3-BF4B-00C04F79EFBC}") = "Contracts", "Contracts\Contracts.csproj", "{04681FEF-4065-44F2-A6B4-A9BA526C70D9}"
EndProject
Project("{FAE04EC0-301F-11D3-BF4B-00C04F79EFBC}") = "LoggerService", "LoggerService\LoggerService.csproj", "{780D4A48-848E-4084-8354-F31A5D9B6BAA}"
EndProject
Project("{FAE04EC0-301F-11D3-BF4B-00C04F79EFBC}") = "Entities", "Entities\Entities.csproj", "{50F359CF-4D6B-4BCF-8AB0-E491CA4E2E0A}"
EndProject
Project("{FAE04EC0-301F-11D3-BF4B-00C04F79EFBC}") = "Repository", "Repository\Repository.csproj", "{8DA28EEB-53C8-453A-822A-8D31CE665230}"
EndProject
Project("{FAE04EC0-301F-11D3-BF4B-00C04F79EFBC}") = "Service", "Service\Service.csproj", "{2216F624-3630-4E2D-BDEA-C57AD9946C11}"
EndProject
Project("{FAE04EC0-301F-11D3-BF4B-00C04F79EFBC}") = "Service.Contracts", "Service.Contracts\Service.Contracts.csproj", "{01A88273-C19B-473D-9D50-986F85F1FB0E}"
EndProject
Global
	GlobalSection(SolutionConfigurationPlatforms) = preSolution
		Debug|Any CPU = Debug|Any CPU
		Release|Any CPU = Release|Any CPU
	EndGlobalSection
	GlobalSection(SolutionProperties) = preSolution
		HideSolutionNode = FALSE
	EndGlobalSection
	GlobalSection(ProjectConfigurationPlatforms) = postSolution
		{CFB29665-3A47-490B-976F-89937BA95301}.Debug|Any CPU.ActiveCfg = Debug|Any CPU
		{CFB29665-3A47-490B-976F-89937BA95301}.Debug|Any CPU.Build.0 = Debug|Any CPU
		{CFB29665-3A47-490B-976F-89937BA95301}.Release|Any CPU.ActiveCfg = Release|Any CPU
		{CFB29665-3A47-490B-976F-89937BA95301}.Release|Any CPU.Build.0 = Release|Any CPU
		{8BAB6B9B-DE3B-4209-A774-D99F04BC68E5}.Debug|Any CPU.ActiveCfg = Debug|Any CPU
		{8BAB6B9B-DE3B-4209-A774-D99F04BC68E5}.Debug|Any CPU.Build.0 = Debug|Any CPU
		{8BAB6B9B-DE3B-4209-A774-D99F04BC68E5}.Release|Any CPU.ActiveCfg = Release|Any CPU
		{8BAB6B9B-DE3B-4209-A774-D99F04BC68E5}.Release|Any CPU.Build.0 = Release|Any CPU
		{04681FEF-4065-44F2-A6B4-A9BA526C70D9}.Debug|Any CPU.ActiveCfg = Debug|Any CPU
		{04681FEF-4065-44F2-A6B4-A9BA526C70D9}.Debug|Any CPU.Build.0 = Debug|Any CPU
		{04681FEF-4065-44F2-A6B4-A9BA526C70D9}.Release|Any CPU.ActiveCfg = Release|Any CPU
		{04681FEF-4065-44F2-A6B4-A9BA526C70D9}.Release|Any CPU.Build.0 = Release|Any CPU
		{780D4A48-848E-4084-8354-F31A5D9B6BAA}.Debug|Any CPU.ActiveCfg = Debug|Any CPU
		{780D4A48-848E-4084-8354-F31A5D9B6BAA}.Debug|Any CPU.Build.0 = Debug|Any CPU
		{780D4A48-848E-4084-8354-F31A5D9B6BAA}.Release|Any CPU.ActiveCfg = Release|Any CPU
		{780D4A48-848E-4084-8354-F31A5D9B6BAA}.Release|Any CPU.Build.0 = Release|Any CPU
		{50F359CF-4D6B-4BCF-8AB0-E491CA4E2E0A}.Debug|Any CPU.ActiveCfg = Debug|Any CPU
		{50F359CF-4D6B-4BCF-8AB0-E491CA4E2E0A}.Debug|Any CPU.Build.0 = Debug|Any CPU
		{50F359CF-4D6B-4BCF-8AB0-E491CA4E2E0A}.Release|Any CPU.ActiveCfg = Release|Any CPU
		{50F359CF-4D6B-4BCF-8AB0-E491CA4E2E0A}.Release|Any CPU.Build.0 = Release|Any CPU
		{8DA28EEB-53C8-453A-822A-8D31CE665230}.Debug|Any CPU.ActiveCfg = Debug|Any CPU
		{8DA28EEB-53C8-453A-822A-8D31CE665230}.Debug|Any CPU.Build.0 = Debug|Any CPU
		{8DA28EEB-53C8-453A-822A-8D31CE665230}.Release|Any CPU.ActiveCfg = Release|Any CPU
		{8DA28EEB-53C8-453A-822A-8D31CE665230}.Release|Any CPU.Build.0 = Release|Any CPU
		{2216F624-3630-4E2D-BDEA-C57AD9946C11}.Debug|Any CPU.ActiveCfg = Debug|Any CPU
		{2216F624-3630-4E2D-BDEA-C57AD9946C11}.Debug|Any CPU.Build.0 = Debug|Any CPU
		{2216F624-3630-4E2D-BDEA-C57AD9946C11}.Release|Any CPU.ActiveCfg = Release|Any CPU
		{2216F624-3630-4E2D-BDEA-C57AD9946C11}.Release|Any CPU.Build.0 = Release|Any CPU
		{01A88273-C19B-473D-9D50-986F85F1FB0E}.Debug|Any CPU.ActiveCfg = Debug|Any CPU
		{01A88273-C19B-473D-9D50-986F85F1FB0E}.Debug|Any CPU.Build.0 = Debug|Any CPU
		{01A88273-C19B-473D-9D50-986F85F1FB0E}.Release|Any CPU.ActiveCfg = Release|Any CPU
		{01A88273-C19B-473D-9D50-986F85F1FB0E}.Release|Any CPU.Build.0 = Release|Any CPU
	EndGlobalSection
EndGlobal
